
Microsoft Visual Studio Solution File, Format Version 12.00
# Visual Studio Version 17
VisualStudioVersion = 17.5.002.0
MinimumVisualStudioVersion = 10.0.40219.1
Project("{9A19103F-16F7-4668-BE54-9A1E7A4F7556}") = "RegistrationManagementAPI", "RegistrationManagementAPI.csproj", "{69805B39-EFE5-4A50-904F-50DD751D7E7C}"
EndProject
Global
	GlobalSection(SolutionConfigurationPlatforms) = preSolution
		Debug|Any CPU = Debug|Any CPU
		Release|Any CPU = Release|Any CPU
	EndGlobalSection
	GlobalSection(ProjectConfigurationPlatforms) = postSolution
		{69805B39-EFE5-4A50-904F-50DD751D7E7C}.Debug|Any CPU.ActiveCfg = Debug|Any CPU
		{69805B39-EFE5-4A50-904F-50DD751D7E7C}.Debug|Any CPU.Build.0 = Debug|Any CPU
		{69805B39-EFE5-4A50-904F-50DD751D7E7C}.Release|Any CPU.ActiveCfg = Release|Any CPU
		{69805B39-EFE5-4A50-904F-50DD751D7E7C}.Release|Any CPU.Build.0 = Release|Any CPU
	EndGlobalSection
	GlobalSection(SolutionProperties) = preSolution
		HideSolutionNode = FALSE
	EndGlobalSection
	GlobalSection(ExtensibilityGlobals) = postSolution
		SolutionGuid = {2B462737-FC51-4668-93A4-A5F1307A1F2C}
	EndGlobalSection
EndGlobal
